schema: '2.0'
stages:
  train:
    cmd: python Fase_1.py
    deps:
    - path: Dataset/
      hash: md5
      md5: 1a9161b459b45e018019acd9d5d2e967.dir
      size: 129282
      nfiles: 3
    - path: Fase_1.py
      hash: md5
      md5: 4eb2896dc68222b5e25a2bd0c66c5626
      size: 4655
    outs:
    - path: Modelos/linear_regression_Y1.pkl
      hash: md5
      md5: b70d83833d1d19317c5fa1284ec77d30
      size: 1329
